
Microsoft Visual Studio Solution File, Format Version 12.00
# Visual Studio Version 17
VisualStudioVersion = 17.5.33627.172
MinimumVisualStudioVersion = 10.0.40219.1
Project("{FAE04EC0-301F-11D3-BF4B-00C04F79EFBC}") = "ELO_LOCACAO", "ELO_LOCACAO\ELO_LOCACAO.csproj", "{A3A9194F-924A-4EAC-841F-EAFD6AD10DFD}"
EndProject
Project("{54435603-DBB4-11D2-8724-00A0C9A8B90C}") = "EloSolutionsSetup", "ELO_LOCACAO\EloSolutionsSetup\EloSolutionsSetup.vdproj", "{600DC128-27C9-43B2-8E16-AC1E913FCBB1}"
EndProject
Global
	GlobalSection(SolutionConfigurationPlatforms) = preSolution
		Debug|Any CPU = Debug|Any CPU
		Debug|x86 = Debug|x86
		Release|Any CPU = Release|Any CPU
		Release|x86 = Release|x86
	EndGlobalSection
	GlobalSection(ProjectConfigurationPlatforms) = postSolution
		{A3A9194F-924A-4EAC-841F-EAFD6AD10DFD}.Debug|Any CPU.ActiveCfg = Debug|Any CPU
		{A3A9194F-924A-4EAC-841F-EAFD6AD10DFD}.Debug|Any CPU.Build.0 = Debug|Any CPU
		{A3A9194F-924A-4EAC-841F-EAFD6AD10DFD}.Debug|x86.ActiveCfg = Debug|Any CPU
		{A3A9194F-924A-4EAC-841F-EAFD6AD10DFD}.Debug|x86.Build.0 = Debug|Any CPU
		{A3A9194F-924A-4EAC-841F-EAFD6AD10DFD}.Release|Any CPU.ActiveCfg = Release|Any CPU
		{A3A9194F-924A-4EAC-841F-EAFD6AD10DFD}.Release|Any CPU.Build.0 = Release|Any CPU
		{A3A9194F-924A-4EAC-841F-EAFD6AD10DFD}.Release|x86.ActiveCfg = Release|Any CPU
		{A3A9194F-924A-4EAC-841F-EAFD6AD10DFD}.Release|x86.Build.0 = Release|Any CPU
		{600DC128-27C9-43B2-8E16-AC1E913FCBB1}.Debug|Any CPU.ActiveCfg = Debug
		{600DC128-27C9-43B2-8E16-AC1E913FCBB1}.Debug|x86.ActiveCfg = Debug
		{600DC128-27C9-43B2-8E16-AC1E913FCBB1}.Debug|x86.Build.0 = Debug
		{600DC128-27C9-43B2-8E16-AC1E913FCBB1}.Release|Any CPU.ActiveCfg = Release
		{600DC128-27C9-43B2-8E16-AC1E913FCBB1}.Release|x86.ActiveCfg = Release
		{600DC128-27C9-43B2-8E16-AC1E913FCBB1}.Release|x86.Build.0 = Release
	EndGlobalSection
	GlobalSection(SolutionProperties) = preSolution
		HideSolutionNode = FALSE
	EndGlobalSection
	GlobalSection(ExtensibilityGlobals) = postSolution
		SolutionGuid = {B9C0AF66-21F1-40B0-AD1A-FA11D9E30018}
	EndGlobalSection
EndGlobal
